
Microsoft Visual Studio Solution File, Format Version 12.00
# Visual Studio Version 17
VisualStudioVersion = 17.8.34330.188
MinimumVisualStudioVersion = 10.0.40219.1
Project("{FAE04EC0-301F-11D3-BF4B-00C04F79EFBC}") = "Viv.Dal", "Viv.Dal\Viv.Dal.csproj", "{03560E3D-E326-41EE-8B87-CAA4F16B02CC}"
EndProject
Project("{FAE04EC0-301F-11D3-BF4B-00C04F79EFBC}") = "Viv.Bll", "Viv.Bll\Viv.Bll.csproj", "{87B5F923-D027-4363-A4E0-C9105F27AA41}"
EndProject
Project("{FAE04EC0-301F-11D3-BF4B-00C04F79EFBC}") = "Viv.Web", "Viv.Web\Viv.Web.csproj", "{D3BE22EB-08CC-4FBA-97E9-3B6A61B3F486}"
EndProject
Global
	GlobalSection(SolutionConfigurationPlatforms) = preSolution
		Debug|Any CPU = Debug|Any CPU
		Release|Any CPU = Release|Any CPU
	EndGlobalSection
	GlobalSection(ProjectConfigurationPlatforms) = postSolution
		{03560E3D-E326-41EE-8B87-CAA4F16B02CC}.Debug|Any CPU.ActiveCfg = Debug|Any CPU
		{03560E3D-E326-41EE-8B87-CAA4F16B02CC}.Debug|Any CPU.Build.0 = Debug|Any CPU
		{03560E3D-E326-41EE-8B87-CAA4F16B02CC}.Release|Any CPU.ActiveCfg = Release|Any CPU
		{03560E3D-E326-41EE-8B87-CAA4F16B02CC}.Release|Any CPU.Build.0 = Release|Any CPU
		{87B5F923-D027-4363-A4E0-C9105F27AA41}.Debug|Any CPU.ActiveCfg = Debug|Any CPU
		{87B5F923-D027-4363-A4E0-C9105F27AA41}.Debug|Any CPU.Build.0 = Debug|Any CPU
		{87B5F923-D027-4363-A4E0-C9105F27AA41}.Release|Any CPU.ActiveCfg = Release|Any CPU
		{87B5F923-D027-4363-A4E0-C9105F27AA41}.Release|Any CPU.Build.0 = Release|Any CPU
		{D3BE22EB-08CC-4FBA-97E9-3B6A61B3F486}.Debug|Any CPU.ActiveCfg = Debug|Any CPU
		{D3BE22EB-08CC-4FBA-97E9-3B6A61B3F486}.Debug|Any CPU.Build.0 = Debug|Any CPU
		{D3BE22EB-08CC-4FBA-97E9-3B6A61B3F486}.Release|Any CPU.ActiveCfg = Release|Any CPU
		{D3BE22EB-08CC-4FBA-97E9-3B6A61B3F486}.Release|Any CPU.Build.0 = Release|Any CPU
	EndGlobalSection
	GlobalSection(SolutionProperties) = preSolution
		HideSolutionNode = FALSE
	EndGlobalSection
	GlobalSection(ExtensibilityGlobals) = postSolution
		SolutionGuid = {30DD4842-C575-4236-BCCC-F70C4739830E}
	EndGlobalSection
EndGlobal
